
Microsoft Visual Studio Solution File, Format Version 12.00
# Visual Studio 14
VisualStudioVersion = 14.0.25420.1
MinimumVisualStudioVersion = 10.0.40219.1
Project("{FAE04EC0-301F-11D3-BF4B-00C04F79EFBC}") = "Sample", "Sample\Sample\Sample.csproj", "{D22E08A2-8EF5-4EC8-8407-F103D0C294BA}"
EndProject
Project("{FAE04EC0-301F-11D3-BF4B-00C04F79EFBC}") = "Sample.Droid", "Sample\Sample.Droid\Sample.Droid.csproj", "{D52196F5-57C3-4D81-A89F-DE1830532E2E}"
EndProject
Project("{FAE04EC0-301F-11D3-BF4B-00C04F79EFBC}") = "Sample.iOS", "Sample\Sample.iOS\Sample.iOS.csproj", "{959D1F51-950A-4144-8A9A-98DEBA39B3A6}"
EndProject
Project("{FAE04EC0-301F-11D3-BF4B-00C04F79EFBC}") = "Sample.WinPhone", "Sample\Sample.WinPhone\Sample.WinPhone.csproj", "{92FAEABA-E3F7-4623-BE7A-96F98139ACBC}"
EndProject
Project("{FAE04EC0-301F-11D3-BF4B-00C04F79EFBC}") = "Sample.Windows", "Sample\Sample.Windows\Sample.Windows.csproj", "{B1DE9724-5C3B-40DE-BA84-BBB4C1681024}"
EndProject
Global
	GlobalSection(SolutionConfigurationPlatforms) = preSolution
		Ad-Hoc|Any CPU = Ad-Hoc|Any CPU
		Ad-Hoc|ARM = Ad-Hoc|ARM
		Ad-Hoc|iPhone = Ad-Hoc|iPhone
		Ad-Hoc|iPhoneSimulator = Ad-Hoc|iPhoneSimulator
		Ad-Hoc|x64 = Ad-Hoc|x64
		Ad-Hoc|x86 = Ad-Hoc|x86
		AppStore|Any CPU = AppStore|Any CPU
		AppStore|ARM = AppStore|ARM
		AppStore|iPhone = AppStore|iPhone
		AppStore|iPhoneSimulator = AppStore|iPhoneSimulator
		AppStore|x64 = AppStore|x64
		AppStore|x86 = AppStore|x86
		Debug|Any CPU = Debug|Any CPU
		Debug|ARM = Debug|ARM
		Debug|iPhone = Debug|iPhone
		Debug|iPhoneSimulator = Debug|iPhoneSimulator
		Debug|x64 = Debug|x64
		Debug|x86 = Debug|x86
		Release|Any CPU = Release|Any CPU
		Release|ARM = Release|ARM
		Release|iPhone = Release|iPhone
		Release|iPhoneSimulator = Release|iPhoneSimulator
		Release|x64 = Release|x64
		Release|x86 = Release|x86
	EndGlobalSection
	GlobalSection(ProjectConfigurationPlatforms) = postSolution
		{D22E08A2-8EF5-4EC8-8407-F103D0C294BA}.Ad-Hoc|Any CPU.ActiveCfg = Release|Any CPU
		{D22E08A2-8EF5-4EC8-8407-F103D0C294BA}.Ad-Hoc|Any CPU.Build.0 = Release|Any CPU
		{D22E08A2-8EF5-4EC8-8407-F103D0C294BA}.Ad-Hoc|ARM.ActiveCfg = Release|Any CPU
		{D22E08A2-8EF5-4EC8-8407-F103D0C294BA}.Ad-Hoc|ARM.Build.0 = Release|Any CPU
		{D22E08A2-8EF5-4EC8-8407-F103D0C294BA}.Ad-Hoc|iPhone.ActiveCfg = Release|Any CPU
		{D22E08A2-8EF5-4EC8-8407-F103D0C294BA}.Ad-Hoc|iPhone.Build.0 = Release|Any CPU
		{D22E08A2-8EF5-4EC8-8407-F103D0C294BA}.Ad-Hoc|iPhoneSimulator.ActiveCfg = Release|Any CPU
		{D22E08A2-8EF5-4EC8-8407-F103D0C294BA}.Ad-Hoc|iPhoneSimulator.Build.0 = Release|Any CPU
		{D22E08A2-8EF5-4EC8-8407-F103D0C294BA}.Ad-Hoc|x64.ActiveCfg = Release|Any CPU
		{D22E08A2-8EF5-4EC8-8407-F103D0C294BA}.Ad-Hoc|x64.Build.0 = Release|Any CPU
		{D22E08A2-8EF5-4EC8-8407-F103D0C294BA}.Ad-Hoc|x86.ActiveCfg = Release|Any CPU
		{D22E08A2-8EF5-4EC8-8407-F103D0C294BA}.Ad-Hoc|x86.Build.0 = Release|Any CPU
		{D22E08A2-8EF5-4EC8-8407-F103D0C294BA}.AppStore|Any CPU.ActiveCfg = Release|Any CPU
		{D22E08A2-8EF5-4EC8-8407-F103D0C294BA}.AppStore|Any CPU.Build.0 = Release|Any CPU
		{D22E08A2-8EF5-4EC8-8407-F103D0C294BA}.AppStore|ARM.ActiveCfg = Release|Any CPU
		{D22E08A2-8EF5-4EC8-8407-F103D0C294BA}.AppStore|ARM.Build.0 = Release|Any CPU
		{D22E08A2-8EF5-4EC8-8407-F103D0C294BA}.AppStore|iPhone.ActiveCfg = Release|Any CPU
		{D22E08A2-8EF5-4EC8-8407-F103D0C294BA}.AppStore|iPhone.Build.0 = Release|Any CPU
		{D22E08A2-8EF5-4EC8-8407-F103D0C294BA}.AppStore|iPhoneSimulator.ActiveCfg = Release|Any CPU
		{D22E08A2-8EF5-4EC8-8407-F103D0C294BA}.AppStore|iPhoneSimulator.Build.0 = Release|Any CPU
		{D22E08A2-8EF5-4EC8-8407-F103D0C294BA}.AppStore|x64.ActiveCfg = Release|Any CPU
		{D22E08A2-8EF5-4EC8-8407-F103D0C294BA}.AppStore|x64.Build.0 = Release|Any CPU
		{D22E08A2-8EF5-4EC8-8407-F103D0C294BA}.AppStore|x86.ActiveCfg = Release|Any CPU
		{D22E08A2-8EF5-4EC8-8407-F103D0C294BA}.AppStore|x86.Build.0 = Release|Any CPU
		{D22E08A2-8EF5-4EC8-8407-F103D0C294BA}.Debug|Any CPU.ActiveCfg = Debug|Any CPU
		{D22E08A2-8EF5-4EC8-8407-F103D0C294BA}.Debug|Any CPU.Build.0 = Debug|Any CPU
		{D22E08A2-8EF5-4EC8-8407-F103D0C294BA}.Debug|ARM.ActiveCfg = Debug|Any CPU
		{D22E08A2-8EF5-4EC8-8407-F103D0C294BA}.Debug|ARM.Build.0 = Debug|Any CPU
		{D22E08A2-8EF5-4EC8-8407-F103D0C294BA}.Debug|iPhone.ActiveCfg = Debug|Any CPU
		{D22E08A2-8EF5-4EC8-8407-F103D0C294BA}.Debug|iPhone.Build.0 = Debug|Any CPU
		{D22E08A2-8EF5-4EC8-8407-F103D0C294BA}.Debug|iPhoneSimulator.ActiveCfg = Debug|Any CPU
		{D22E08A2-8EF5-4EC8-8407-F103D0C294BA}.Debug|iPhoneSimulator.Build.0 = Debug|Any CPU
		{D22E08A2-8EF5-4EC8-8407-F103D0C294BA}.Debug|x64.ActiveCfg = Debug|Any CPU
		{D22E08A2-8EF5-4EC8-8407-F103D0C294BA}.Debug|x64.Build.0 = Debug|Any CPU
		{D22E08A2-8EF5-4EC8-8407-F103D0C294BA}.Debug|x86.ActiveCfg = Debug|Any CPU
		{D22E08A2-8EF5-4EC8-8407-F103D0C294BA}.Debug|x86.Build.0 = Debug|Any CPU
		{D22E08A2-8EF5-4EC8-8407-F103D0C294BA}.Release|Any CPU.ActiveCfg = Release|Any CPU
		{D22E08A2-8EF5-4EC8-8407-F103D0C294BA}.Release|Any CPU.Build.0 = Release|Any CPU
		{D22E08A2-8EF5-4EC8-8407-F103D0C294BA}.Release|ARM.ActiveCfg = Release|Any CPU
		{D22E08A2-8EF5-4EC8-8407-F103D0C294BA}.Release|ARM.Build.0 = Release|Any CPU
		{D22E08A2-8EF5-4EC8-8407-F103D0C294BA}.Release|iPhone.ActiveCfg = Release|Any CPU
		{D22E08A2-8EF5-4EC8-8407-F103D0C294BA}.Release|iPhone.Build.0 = Release|Any CPU
		{D22E08A2-8EF5-4EC8-8407-F103D0C294BA}.Release|iPhoneSimulator.ActiveCfg = Release|Any CPU
		{D22E08A2-8EF5-4EC8-8407-F103D0C294BA}.Release|iPhoneSimulator.Build.0 = Release|Any CPU
		{D22E08A2-8EF5-4EC8-8407-F103D0C294BA}.Release|x64.ActiveCfg = Release|Any CPU
		{D22E08A2-8EF5-4EC8-8407-F103D0C294BA}.Release|x64.Build.0 = Release|Any CPU
		{D22E08A2-8EF5-4EC8-8407-F103D0C294BA}.Release|x86.ActiveCfg = Release|Any CPU
		{D22E08A2-8EF5-4EC8-8407-F103D0C294BA}.Release|x86.Build.0 = Release|Any CPU
		{D52196F5-57C3-4D81-A89F-DE1830532E2E}.Ad-Hoc|Any CPU.ActiveCfg = Release|Any CPU
		{D52196F5-57C3-4D81-A89F-DE1830532E2E}.Ad-Hoc|Any CPU.Build.0 = Release|Any CPU
		{D52196F5-57C3-4D81-A89F-DE1830532E2E}.Ad-Hoc|Any CPU.Deploy.0 = Release|Any CPU
		{D52196F5-57C3-4D81-A89F-DE1830532E2E}.Ad-Hoc|ARM.ActiveCfg = Release|Any CPU
		{D52196F5-57C3-4D81-A89F-DE1830532E2E}.Ad-Hoc|ARM.Build.0 = Release|Any CPU
		{D52196F5-57C3-4D81-A89F-DE1830532E2E}.Ad-Hoc|ARM.Deploy.0 = Release|Any CPU
		{D52196F5-57C3-4D81-A89F-DE1830532E2E}.Ad-Hoc|iPhone.ActiveCfg = Release|Any CPU
		{D52196F5-57C3-4D81-A89F-DE1830532E2E}.Ad-Hoc|iPhone.Build.0 = Release|Any CPU
		{D52196F5-57C3-4D81-A89F-DE1830532E2E}.Ad-Hoc|iPhone.Deploy.0 = Release|Any CPU
		{D52196F5-57C3-4D81-A89F-DE1830532E2E}.Ad-Hoc|iPhoneSimulator.ActiveCfg = Release|Any CPU
		{D52196F5-57C3-4D81-A89F-DE1830532E2E}.Ad-Hoc|iPhoneSimulator.Build.0 = Release|Any CPU
		{D52196F5-57C3-4D81-A89F-DE1830532E2E}.Ad-Hoc|iPhoneSimulator.Deploy.0 = Release|Any CPU
		{D52196F5-57C3-4D81-A89F-DE1830532E2E}.Ad-Hoc|x64.ActiveCfg = Release|Any CPU
		{D52196F5-57C3-4D81-A89F-DE1830532E2E}.Ad-Hoc|x64.Build.0 = Release|Any CPU
		{D52196F5-57C3-4D81-A89F-DE1830532E2E}.Ad-Hoc|x64.Deploy.0 = Release|Any CPU
		{D52196F5-57C3-4D81-A89F-DE1830532E2E}.Ad-Hoc|x86.ActiveCfg = Release|Any CPU
		{D52196F5-57C3-4D81-A89F-DE1830532E2E}.Ad-Hoc|x86.Build.0 = Release|Any CPU
		{D52196F5-57C3-4D81-A89F-DE1830532E2E}.Ad-Hoc|x86.Deploy.0 = Release|Any CPU
		{D52196F5-57C3-4D81-A89F-DE1830532E2E}.AppStore|Any CPU.ActiveCfg = Release|Any CPU
		{D52196F5-57C3-4D81-A89F-DE1830532E2E}.AppStore|Any CPU.Build.0 = Release|Any CPU
		{D52196F5-57C3-4D81-A89F-DE1830532E2E}.AppStore|Any CPU.Deploy.0 = Release|Any CPU
		{D52196F5-57C3-4D81-A89F-DE1830532E2E}.AppStore|ARM.ActiveCfg = Release|Any CPU
		{D52196F5-57C3-4D81-A89F-DE1830532E2E}.AppStore|ARM.Build.0 = Release|Any CPU
		{D52196F5-57C3-4D81-A89F-DE1830532E2E}.AppStore|ARM.Deploy.0 = Release|Any CPU
		{D52196F5-57C3-4D81-A89F-DE1830532E2E}.AppStore|iPhone.ActiveCfg = Release|Any CPU
		{D52196F5-57C3-4D81-A89F-DE1830532E2E}.AppStore|iPhone.Build.0 = Release|Any CPU
		{D52196F5-57C3-4D81-A89F-DE1830532E2E}.AppStore|iPhone.Deploy.0 = Release|Any CPU
		{D52196F5-57C3-4D81-A89F-DE1830532E2E}.AppStore|iPhoneSimulator.ActiveCfg = Release|Any CPU
		{D52196F5-57C3-4D81-A89F-DE1830532E2E}.AppStore|iPhoneSimulator.Build.0 = Release|Any CPU
		{D52196F5-57C3-4D81-A89F-DE1830532E2E}.AppStore|iPhoneSimulator.Deploy.0 = Release|Any CPU
		{D52196F5-57C3-4D81-A89F-DE1830532E2E}.AppStore|x64.ActiveCfg = Release|Any CPU
		{D52196F5-57C3-4D81-A89F-DE1830532E2E}.AppStore|x64.Build.0 = Release|Any CPU
		{D52196F5-57C3-4D81-A89F-DE1830532E2E}.AppStore|x64.Deploy.0 = Release|Any CPU
		{D52196F5-57C3-4D81-A89F-DE1830532E2E}.AppStore|x86.ActiveCfg = Release|Any CPU
		{D52196F5-57C3-4D81-A89F-DE1830532E2E}.AppStore|x86.Build.0 = Release|Any CPU
		{D52196F5-57C3-4D81-A89F-DE1830532E2E}.AppStore|x86.Deploy.0 = Release|Any CPU
		{D52196F5-57C3-4D81-A89F-DE1830532E2E}.Debug|Any CPU.ActiveCfg = Debug|Any CPU
		{D52196F5-57C3-4D81-A89F-DE1830532E2E}.Debug|Any CPU.Build.0 = Debug|Any CPU
		{D52196F5-57C3-4D81-A89F-DE1830532E2E}.Debug|Any CPU.Deploy.0 = Debug|Any CPU
		{D52196F5-57C3-4D81-A89F-DE1830532E2E}.Debug|ARM.ActiveCfg = Debug|Any CPU
		{D52196F5-57C3-4D81-A89F-DE1830532E2E}.Debug|ARM.Build.0 = Debug|Any CPU
		{D52196F5-57C3-4D81-A89F-DE1830532E2E}.Debug|ARM.Deploy.0 = Debug|Any CPU
		{D52196F5-57C3-4D81-A89F-DE1830532E2E}.Debug|iPhone.ActiveCfg = Debug|Any CPU
		{D52196F5-57C3-4D81-A89F-DE1830532E2E}.Debug|iPhone.Build.0 = Debug|Any CPU
		{D52196F5-57C3-4D81-A89F-DE1830532E2E}.Debug|iPhone.Deploy.0 = Debug|Any CPU
		{D52196F5-57C3-4D81-A89F-DE1830532E2E}.Debug|iPhoneSimulator.ActiveCfg = Debug|Any CPU
		{D52196F5-57C3-4D81-A89F-DE1830532E2E}.Debug|iPhoneSimulator.Build.0 = Debug|Any CPU
		{D52196F5-57C3-4D81-A89F-DE1830532E2E}.Debug|iPhoneSimulator.Deploy.0 = Debug|Any CPU
		{D52196F5-57C3-4D81-A89F-DE1830532E2E}.Debug|x64.ActiveCfg = Debug|Any CPU
		{D52196F5-57C3-4D81-A89F-DE1830532E2E}.Debug|x64.Build.0 = Debug|Any CPU
		{D52196F5-57C3-4D81-A89F-DE1830532E2E}.Debug|x64.Deploy.0 = Debug|Any CPU
		{D52196F5-57C3-4D81-A89F-DE1830532E2E}.Debug|x86.ActiveCfg = Debug|Any CPU
		{D52196F5-57C3-4D81-A89F-DE1830532E2E}.Debug|x86.Build.0 = Debug|Any CPU
		{D52196F5-57C3-4D81-A89F-DE1830532E2E}.Debug|x86.Deploy.0 = Debug|Any CPU
		{D52196F5-57C3-4D81-A89F-DE1830532E2E}.Release|Any CPU.ActiveCfg = Release|Any CPU
		{D52196F5-57C3-4D81-A89F-DE1830532E2E}.Release|Any CPU.Build.0 = Release|Any CPU
		{D52196F5-57C3-4D81-A89F-DE1830532E2E}.Release|Any CPU.Deploy.0 = Release|Any CPU
		{D52196F5-57C3-4D81-A89F-DE1830532E2E}.Release|ARM.ActiveCfg = Release|Any CPU
		{D52196F5-57C3-4D81-A89F-DE1830532E2E}.Release|ARM.Build.0 = Release|Any CPU
		{D52196F5-57C3-4D81-A89F-DE1830532E2E}.Release|ARM.Deploy.0 = Release|Any CPU
		{D52196F5-57C3-4D81-A89F-DE1830532E2E}.Release|iPhone.ActiveCfg = Release|Any CPU
		{D52196F5-57C3-4D81-A89F-DE1830532E2E}.Release|iPhone.Build.0 = Release|Any CPU
		{D52196F5-57C3-4D81-A89F-DE1830532E2E}.Release|iPhone.Deploy.0 = Release|Any CPU
		{D52196F5-57C3-4D81-A89F-DE1830532E2E}.Release|iPhoneSimulator.ActiveCfg = Release|Any CPU
		{D52196F5-57C3-4D81-A89F-DE1830532E2E}.Release|iPhoneSimulator.Build.0 = Release|Any CPU
		{D52196F5-57C3-4D81-A89F-DE1830532E2E}.Release|iPhoneSimulator.Deploy.0 = Release|Any CPU
		{D52196F5-57C3-4D81-A89F-DE1830532E2E}.Release|x64.ActiveCfg = Release|Any CPU
		{D52196F5-57C3-4D81-A89F-DE1830532E2E}.Release|x64.Build.0 = Release|Any CPU
		{D52196F5-57C3-4D81-A89F-DE1830532E2E}.Release|x64.Deploy.0 = Release|Any CPU
		{D52196F5-57C3-4D81-A89F-DE1830532E2E}.Release|x86.ActiveCfg = Release|Any CPU
		{D52196F5-57C3-4D81-A89F-DE1830532E2E}.Release|x86.Build.0 = Release|Any CPU
		{D52196F5-57C3-4D81-A89F-DE1830532E2E}.Release|x86.Deploy.0 = Release|Any CPU
		{959D1F51-950A-4144-8A9A-98DEBA39B3A6}.Ad-Hoc|Any CPU.ActiveCfg = Ad-Hoc|iPhone
		{959D1F51-950A-4144-8A9A-98DEBA39B3A6}.Ad-Hoc|ARM.ActiveCfg = Ad-Hoc|iPhone
		{959D1F51-950A-4144-8A9A-98DEBA39B3A6}.Ad-Hoc|iPhone.ActiveCfg = Ad-Hoc|iPhone
		{959D1F51-950A-4144-8A9A-98DEBA39B3A6}.Ad-Hoc|iPhone.Build.0 = Ad-Hoc|iPhone
		{959D1F51-950A-4144-8A9A-98DEBA39B3A6}.Ad-Hoc|iPhoneSimulator.ActiveCfg = Ad-Hoc|iPhoneSimulator
		{959D1F51-950A-4144-8A9A-98DEBA39B3A6}.Ad-Hoc|iPhoneSimulator.Build.0 = Ad-Hoc|iPhoneSimulator
		{959D1F51-950A-4144-8A9A-98DEBA39B3A6}.Ad-Hoc|x64.ActiveCfg = Ad-Hoc|iPhone
		{959D1F51-950A-4144-8A9A-98DEBA39B3A6}.Ad-Hoc|x86.ActiveCfg = Ad-Hoc|iPhone
		{959D1F51-950A-4144-8A9A-98DEBA39B3A6}.AppStore|Any CPU.ActiveCfg = AppStore|iPhone
		{959D1F51-950A-4144-8A9A-98DEBA39B3A6}.AppStore|ARM.ActiveCfg = AppStore|iPhone
		{959D1F51-950A-4144-8A9A-98DEBA39B3A6}.AppStore|iPhone.ActiveCfg = AppStore|iPhone
		{959D1F51-950A-4144-8A9A-98DEBA39B3A6}.AppStore|iPhone.Build.0 = AppStore|iPhone
		{959D1F51-950A-4144-8A9A-98DEBA39B3A6}.AppStore|iPhoneSimulator.ActiveCfg = AppStore|iPhoneSimulator
		{959D1F51-950A-4144-8A9A-98DEBA39B3A6}.AppStore|iPhoneSimulator.Build.0 = AppStore|iPhoneSimulator
		{959D1F51-950A-4144-8A9A-98DEBA39B3A6}.AppStore|x64.ActiveCfg = AppStore|iPhone
		{959D1F51-950A-4144-8A9A-98DEBA39B3A6}.AppStore|x86.ActiveCfg = AppStore|iPhone
		{959D1F51-950A-4144-8A9A-98DEBA39B3A6}.Debug|Any CPU.ActiveCfg = Debug|iPhone
		{959D1F51-950A-4144-8A9A-98DEBA39B3A6}.Debug|ARM.ActiveCfg = Debug|iPhone
		{959D1F51-950A-4144-8A9A-98DEBA39B3A6}.Debug|iPhone.ActiveCfg = Debug|iPhone
		{959D1F51-950A-4144-8A9A-98DEBA39B3A6}.Debug|iPhone.Build.0 = Debug|iPhone
		{959D1F51-950A-4144-8A9A-98DEBA39B3A6}.Debug|iPhoneSimulator.ActiveCfg = Debug|iPhoneSimulator
		{959D1F51-950A-4144-8A9A-98DEBA39B3A6}.Debug|iPhoneSimulator.Build.0 = Debug|iPhoneSimulator
		{959D1F51-950A-4144-8A9A-98DEBA39B3A6}.Debug|x64.ActiveCfg = Debug|iPhone
		{959D1F51-950A-4144-8A9A-98DEBA39B3A6}.Debug|x86.ActiveCfg = Debug|iPhone
		{959D1F51-950A-4144-8A9A-98DEBA39B3A6}.Release|Any CPU.ActiveCfg = Release|iPhone
		{959D1F51-950A-4144-8A9A-98DEBA39B3A6}.Release|ARM.ActiveCfg = Release|iPhone
		{959D1F51-950A-4144-8A9A-98DEBA39B3A6}.Release|iPhone.ActiveCfg = Release|iPhone
		{959D1F51-950A-4144-8A9A-98DEBA39B3A6}.Release|iPhone.Build.0 = Release|iPhone
		{959D1F51-950A-4144-8A9A-98DEBA39B3A6}.Release|iPhoneSimulator.ActiveCfg = Release|iPhoneSimulator
		{959D1F51-950A-4144-8A9A-98DEBA39B3A6}.Release|iPhoneSimulator.Build.0 = Release|iPhoneSimulator
		{959D1F51-950A-4144-8A9A-98DEBA39B3A6}.Release|x64.ActiveCfg = Release|iPhone
		{959D1F51-950A-4144-8A9A-98DEBA39B3A6}.Release|x86.ActiveCfg = Release|iPhone
		{92FAEABA-E3F7-4623-BE7A-96F98139ACBC}.Ad-Hoc|Any CPU.ActiveCfg = Release|Any CPU
		{92FAEABA-E3F7-4623-BE7A-96F98139ACBC}.Ad-Hoc|Any CPU.Build.0 = Release|Any CPU
		{92FAEABA-E3F7-4623-BE7A-96F98139ACBC}.Ad-Hoc|Any CPU.Deploy.0 = Release|Any CPU
		{92FAEABA-E3F7-4623-BE7A-96F98139ACBC}.Ad-Hoc|ARM.ActiveCfg = Release|ARM
		{92FAEABA-E3F7-4623-BE7A-96F98139ACBC}.Ad-Hoc|ARM.Build.0 = Release|ARM
		{92FAEABA-E3F7-4623-BE7A-96F98139ACBC}.Ad-Hoc|ARM.Deploy.0 = Release|ARM
		{92FAEABA-E3F7-4623-BE7A-96F98139ACBC}.Ad-Hoc|iPhone.ActiveCfg = Release|Any CPU
		{92FAEABA-E3F7-4623-BE7A-96F98139ACBC}.Ad-Hoc|iPhone.Build.0 = Release|Any CPU
		{92FAEABA-E3F7-4623-BE7A-96F98139ACBC}.Ad-Hoc|iPhone.Deploy.0 = Release|Any CPU
		{92FAEABA-E3F7-4623-BE7A-96F98139ACBC}.Ad-Hoc|iPhoneSimulator.ActiveCfg = Release|Any CPU
		{92FAEABA-E3F7-4623-BE7A-96F98139ACBC}.Ad-Hoc|iPhoneSimulator.Build.0 = Release|Any CPU
		{92FAEABA-E3F7-4623-BE7A-96F98139ACBC}.Ad-Hoc|iPhoneSimulator.Deploy.0 = Release|Any CPU
		{92FAEABA-E3F7-4623-BE7A-96F98139ACBC}.Ad-Hoc|x64.ActiveCfg = Release|Any CPU
		{92FAEABA-E3F7-4623-BE7A-96F98139ACBC}.Ad-Hoc|x64.Build.0 = Release|Any CPU
		{92FAEABA-E3F7-4623-BE7A-96F98139ACBC}.Ad-Hoc|x64.Deploy.0 = Release|Any CPU
		{92FAEABA-E3F7-4623-BE7A-96F98139ACBC}.Ad-Hoc|x86.ActiveCfg = Release|x86
		{92FAEABA-E3F7-4623-BE7A-96F98139ACBC}.Ad-Hoc|x86.Build.0 = Release|x86
		{92FAEABA-E3F7-4623-BE7A-96F98139ACBC}.Ad-Hoc|x86.Deploy.0 = Release|x86
		{92FAEABA-E3F7-4623-BE7A-96F98139ACBC}.AppStore|Any CPU.ActiveCfg = Release|Any CPU
		{92FAEABA-E3F7-4623-BE7A-96F98139ACBC}.AppStore|Any CPU.Build.0 = Release|Any CPU
		{92FAEABA-E3F7-4623-BE7A-96F98139ACBC}.AppStore|Any CPU.Deploy.0 = Release|Any CPU
		{92FAEABA-E3F7-4623-BE7A-96F98139ACBC}.AppStore|ARM.ActiveCfg = Release|ARM
		{92FAEABA-E3F7-4623-BE7A-96F98139ACBC}.AppStore|ARM.Build.0 = Release|ARM
		{92FAEABA-E3F7-4623-BE7A-96F98139ACBC}.AppStore|ARM.Deploy.0 = Release|ARM
		{92FAEABA-E3F7-4623-BE7A-96F98139ACBC}.AppStore|iPhone.ActiveCfg = Release|Any CPU
		{92FAEABA-E3F7-4623-BE7A-96F98139ACBC}.AppStore|iPhone.Build.0 = Release|Any CPU
		{92FAEABA-E3F7-4623-BE7A-96F98139ACBC}.AppStore|iPhone.Deploy.0 = Release|Any CPU
		{92FAEABA-E3F7-4623-BE7A-96F98139ACBC}.AppStore|iPhoneSimulator.ActiveCfg = Release|Any CPU
		{92FAEABA-E3F7-4623-BE7A-96F98139ACBC}.AppStore|iPhoneSimulator.Build.0 = Release|Any CPU
		{92FAEABA-E3F7-4623-BE7A-96F98139ACBC}.AppStore|iPhoneSimulator.Deploy.0 = Release|Any CPU
		{92FAEABA-E3F7-4623-BE7A-96F98139ACBC}.AppStore|x64.ActiveCfg = Release|Any CPU
		{92FAEABA-E3F7-4623-BE7A-96F98139ACBC}.AppStore|x64.Build.0 = Release|Any CPU
		{92FAEABA-E3F7-4623-BE7A-96F98139ACBC}.AppStore|x64.Deploy.0 = Release|Any CPU
		{92FAEABA-E3F7-4623-BE7A-96F98139ACBC}.AppStore|x86.ActiveCfg = Release|x86
		{92FAEABA-E3F7-4623-BE7A-96F98139ACBC}.AppStore|x86.Build.0 = Release|x86
		{92FAEABA-E3F7-4623-BE7A-96F98139ACBC}.AppStore|x86.Deploy.0 = Release|x86
		{92FAEABA-E3F7-4623-BE7A-96F98139ACBC}.Debug|Any CPU.ActiveCfg = Debug|Any CPU
		{92FAEABA-E3F7-4623-BE7A-96F98139ACBC}.Debug|Any CPU.Build.0 = Debug|Any CPU
		{92FAEABA-E3F7-4623-BE7A-96F98139ACBC}.Debug|Any CPU.Deploy.0 = Debug|Any CPU
		{92FAEABA-E3F7-4623-BE7A-96F98139ACBC}.Debug|ARM.ActiveCfg = Debug|ARM
		{92FAEABA-E3F7-4623-BE7A-96F98139ACBC}.Debug|ARM.Build.0 = Debug|ARM
		{92FAEABA-E3F7-4623-BE7A-96F98139ACBC}.Debug|ARM.Deploy.0 = Debug|ARM
		{92FAEABA-E3F7-4623-BE7A-96F98139ACBC}.Debug|iPhone.ActiveCfg = Debug|Any CPU
		{92FAEABA-E3F7-4623-BE7A-96F98139ACBC}.Debug|iPhone.Build.0 = Debug|Any CPU
		{92FAEABA-E3F7-4623-BE7A-96F98139ACBC}.Debug|iPhone.Deploy.0 = Debug|Any CPU
		{92FAEABA-E3F7-4623-BE7A-96F98139ACBC}.Debug|iPhoneSimulator.ActiveCfg = Debug|Any CPU
		{92FAEABA-E3F7-4623-BE7A-96F98139ACBC}.Debug|iPhoneSimulator.Build.0 = Debug|Any CPU
		{92FAEABA-E3F7-4623-BE7A-96F98139ACBC}.Debug|iPhoneSimulator.Deploy.0 = Debug|Any CPU
		{92FAEABA-E3F7-4623-BE7A-96F98139ACBC}.Debug|x64.ActiveCfg = Debug|Any CPU
		{92FAEABA-E3F7-4623-BE7A-96F98139ACBC}.Debug|x64.Build.0 = Debug|Any CPU
		{92FAEABA-E3F7-4623-BE7A-96F98139ACBC}.Debug|x64.Deploy.0 = Debug|Any CPU
		{92FAEABA-E3F7-4623-BE7A-96F98139ACBC}.Debug|x86.ActiveCfg = Debug|x86
		{92FAEABA-E3F7-4623-BE7A-96F98139ACBC}.Debug|x86.Build.0 = Debug|x86
		{92FAEABA-E3F7-4623-BE7A-96F98139ACBC}.Debug|x86.Deploy.0 = Debug|x86
		{92FAEABA-E3F7-4623-BE7A-96F98139ACBC}.Release|Any CPU.ActiveCfg = Release|Any CPU
		{92FAEABA-E3F7-4623-BE7A-96F98139ACBC}.Release|Any CPU.Build.0 = Release|Any CPU
		{92FAEABA-E3F7-4623-BE7A-96F98139ACBC}.Release|Any CPU.Deploy.0 = Release|Any CPU
		{92FAEABA-E3F7-4623-BE7A-96F98139ACBC}.Release|ARM.ActiveCfg = Release|ARM
		{92FAEABA-E3F7-4623-BE7A-96F98139ACBC}.Release|ARM.Build.0 = Release|ARM
		{92FAEABA-E3F7-4623-BE7A-96F98139ACBC}.Release|ARM.Deploy.0 = Release|ARM
		{92FAEABA-E3F7-4623-BE7A-96F98139ACBC}.Release|iPhone.ActiveCfg = Release|Any CPU
		{92FAEABA-E3F7-4623-BE7A-96F98139ACBC}.Release|iPhone.Build.0 = Release|Any CPU
		{92FAEABA-E3F7-4623-BE7A-96F98139ACBC}.Release|iPhone.Deploy.0 = Release|Any CPU
		{92FAEABA-E3F7-4623-BE7A-96F98139ACBC}.Release|iPhoneSimulator.ActiveCfg = Release|Any CPU
		{92FAEABA-E3F7-4623-BE7A-96F98139ACBC}.Release|iPhoneSimulator.Build.0 = Release|Any CPU
		{92FAEABA-E3F7-4623-BE7A-96F98139ACBC}.Release|iPhoneSimulator.Deploy.0 = Release|Any CPU
		{92FAEABA-E3F7-4623-BE7A-96F98139ACBC}.Release|x64.ActiveCfg = Release|Any CPU
		{92FAEABA-E3F7-4623-BE7A-96F98139ACBC}.Release|x64.Build.0 = Release|Any CPU
		{92FAEABA-E3F7-4623-BE7A-96F98139ACBC}.Release|x64.Deploy.0 = Release|Any CPU
		{92FAEABA-E3F7-4623-BE7A-96F98139ACBC}.Release|x86.ActiveCfg = Release|x86
		{92FAEABA-E3F7-4623-BE7A-96F98139ACBC}.Release|x86.Build.0 = Release|x86
		{92FAEABA-E3F7-4623-BE7A-96F98139ACBC}.Release|x86.Deploy.0 = Release|x86
		{B1DE9724-5C3B-40DE-BA84-BBB4C1681024}.Ad-Hoc|Any CPU.ActiveCfg = Release|Any CPU
		{B1DE9724-5C3B-40DE-BA84-BBB4C1681024}.Ad-Hoc|Any CPU.Build.0 = Release|Any CPU
		{B1DE9724-5C3B-40DE-BA84-BBB4C1681024}.Ad-Hoc|Any CPU.Deploy.0 = Release|Any CPU
		{B1DE9724-5C3B-40DE-BA84-BBB4C1681024}.Ad-Hoc|ARM.ActiveCfg = Release|ARM
		{B1DE9724-5C3B-40DE-BA84-BBB4C1681024}.Ad-Hoc|ARM.Build.0 = Release|ARM
		{B1DE9724-5C3B-40DE-BA84-BBB4C1681024}.Ad-Hoc|ARM.Deploy.0 = Release|ARM
		{B1DE9724-5C3B-40DE-BA84-BBB4C1681024}.Ad-Hoc|iPhone.ActiveCfg = Release|Any CPU
		{B1DE9724-5C3B-40DE-BA84-BBB4C1681024}.Ad-Hoc|iPhone.Build.0 = Release|Any CPU
		{B1DE9724-5C3B-40DE-BA84-BBB4C1681024}.Ad-Hoc|iPhone.Deploy.0 = Release|Any CPU
		{B1DE9724-5C3B-40DE-BA84-BBB4C1681024}.Ad-Hoc|iPhoneSimulator.ActiveCfg = Release|Any CPU
		{B1DE9724-5C3B-40DE-BA84-BBB4C1681024}.Ad-Hoc|iPhoneSimulator.Build.0 = Release|Any CPU
		{B1DE9724-5C3B-40DE-BA84-BBB4C1681024}.Ad-Hoc|iPhoneSimulator.Deploy.0 = Release|Any CPU
		{B1DE9724-5C3B-40DE-BA84-BBB4C1681024}.Ad-Hoc|x64.ActiveCfg = Release|x64
		{B1DE9724-5C3B-40DE-BA84-BBB4C1681024}.Ad-Hoc|x64.Build.0 = Release|x64
		{B1DE9724-5C3B-40DE-BA84-BBB4C1681024}.Ad-Hoc|x64.Deploy.0 = Release|x64
		{B1DE9724-5C3B-40DE-BA84-BBB4C1681024}.Ad-Hoc|x86.ActiveCfg = Release|x86
		{B1DE9724-5C3B-40DE-BA84-BBB4C1681024}.Ad-Hoc|x86.Build.0 = Release|x86
		{B1DE9724-5C3B-40DE-BA84-BBB4C1681024}.Ad-Hoc|x86.Deploy.0 = Release|x86
		{B1DE9724-5C3B-40DE-BA84-BBB4C1681024}.AppStore|Any CPU.ActiveCfg = Release|Any CPU
		{B1DE9724-5C3B-40DE-BA84-BBB4C1681024}.AppStore|Any CPU.Build.0 = Release|Any CPU
		{B1DE9724-5C3B-40DE-BA84-BBB4C1681024}.AppStore|Any CPU.Deploy.0 = Release|Any CPU
		{B1DE9724-5C3B-40DE-BA84-BBB4C1681024}.AppStore|ARM.ActiveCfg = Release|ARM
		{B1DE9724-5C3B-40DE-BA84-BBB4C1681024}.AppStore|ARM.Build.0 = Release|ARM
		{B1DE9724-5C3B-40DE-BA84-BBB4C1681024}.AppStore|ARM.Deploy.0 = Release|ARM
		{B1DE9724-5C3B-40DE-BA84-BBB4C1681024}.AppStore|iPhone.ActiveCfg = Release|Any CPU
		{B1DE9724-5C3B-40DE-BA84-BBB4C1681024}.AppStore|iPhone.Build.0 = Release|Any CPU
		{B1DE9724-5C3B-40DE-BA84-BBB4C1681024}.AppStore|iPhone.Deploy.0 = Release|Any CPU
		{B1DE9724-5C3B-40DE-BA84-BBB4C1681024}.AppStore|iPhoneSimulator.ActiveCfg = Release|Any CPU
		{B1DE9724-5C3B-40DE-BA84-BBB4C1681024}.AppStore|iPhoneSimulator.Build.0 = Release|Any CPU
		{B1DE9724-5C3B-40DE-BA84-BBB4C1681024}.AppStore|iPhoneSimulator.Deploy.0 = Release|Any CPU
		{B1DE9724-5C3B-40DE-BA84-BBB4C1681024}.AppStore|x64.ActiveCfg = Release|x64
		{B1DE9724-5C3B-40DE-BA84-BBB4C1681024}.AppStore|x64.Build.0 = Release|x64
		{B1DE9724-5C3B-40DE-BA84-BBB4C1681024}.AppStore|x64.Deploy.0 = Release|x64
		{B1DE9724-5C3B-40DE-BA84-BBB4C1681024}.AppStore|x86.ActiveCfg = Release|x86
		{B1DE9724-5C3B-40DE-BA84-BBB4C1681024}.AppStore|x86.Build.0 = Release|x86
		{B1DE9724-5C3B-40DE-BA84-BBB4C1681024}.AppStore|x86.Deploy.0 = Release|x86
		{B1DE9724-5C3B-40DE-BA84-BBB4C1681024}.Debug|Any CPU.ActiveCfg = Debug|Any CPU
		{B1DE9724-5C3B-40DE-BA84-BBB4C1681024}.Debug|Any CPU.Build.0 = Debug|Any CPU
		{B1DE9724-5C3B-40DE-BA84-BBB4C1681024}.Debug|Any CPU.Deploy.0 = Debug|Any CPU
		{B1DE9724-5C3B-40DE-BA84-BBB4C1681024}.Debug|ARM.ActiveCfg = Debug|ARM
		{B1DE9724-5C3B-40DE-BA84-BBB4C1681024}.Debug|ARM.Build.0 = Debug|ARM
		{B1DE9724-5C3B-40DE-BA84-BBB4C1681024}.Debug|ARM.Deploy.0 = Debug|ARM
		{B1DE9724-5C3B-40DE-BA84-BBB4C1681024}.Debug|iPhone.ActiveCfg = Debug|Any CPU
		{B1DE9724-5C3B-40DE-BA84-BBB4C1681024}.Debug|iPhone.Build.0 = Debug|Any CPU
		{B1DE9724-5C3B-40DE-BA84-BBB4C1681024}.Debug|iPhone.Deploy.0 = Debug|Any CPU
		{B1DE9724-5C3B-40DE-BA84-BBB4C1681024}.Debug|iPhoneSimulator.ActiveCfg = Debug|Any CPU
		{B1DE9724-5C3B-40DE-BA84-BBB4C1681024}.Debug|iPhoneSimulator.Build.0 = Debug|Any CPU
		{B1DE9724-5C3B-40DE-BA84-BBB4C1681024}.Debug|iPhoneSimulator.Deploy.0 = Debug|Any CPU
		{B1DE9724-5C3B-40DE-BA84-BBB4C1681024}.Debug|x64.ActiveCfg = Debug|x64
		{B1DE9724-5C3B-40DE-BA84-BBB4C1681024}.Debug|x64.Build.0 = Debug|x64
		{B1DE9724-5C3B-40DE-BA84-BBB4C1681024}.Debug|x64.Deploy.0 = Debug|x64
		{B1DE9724-5C3B-40DE-BA84-BBB4C1681024}.Debug|x86.ActiveCfg = Debug|x86
		{B1DE9724-5C3B-40DE-BA84-BBB4C1681024}.Debug|x86.Build.0 = Debug|x86
		{B1DE9724-5C3B-40DE-BA84-BBB4C1681024}.Debug|x86.Deploy.0 = Debug|x86
		{B1DE9724-5C3B-40DE-BA84-BBB4C1681024}.Release|Any CPU.ActiveCfg = Release|Any CPU
		{B1DE9724-5C3B-40DE-BA84-BBB4C1681024}.Release|Any CPU.Build.0 = Release|Any CPU
		{B1DE9724-5C3B-40DE-BA84-BBB4C1681024}.Release|Any CPU.Deploy.0 = Release|Any CPU
		{B1DE9724-5C3B-40DE-BA84-BBB4C1681024}.Release|ARM.ActiveCfg = Release|ARM
		{B1DE9724-5C3B-40DE-BA84-BBB4C1681024}.Release|ARM.Build.0 = Release|ARM
		{B1DE9724-5C3B-40DE-BA84-BBB4C1681024}.Release|ARM.Deploy.0 = Release|ARM
		{B1DE9724-5C3B-40DE-BA84-BBB4C1681024}.Release|iPhone.ActiveCfg = Release|Any CPU
		{B1DE9724-5C3B-40DE-BA84-BBB4C1681024}.Release|iPhone.Build.0 = Release|Any CPU
		{B1DE9724-5C3B-40DE-BA84-BBB4C1681024}.Release|iPhone.Deploy.0 = Release|Any CPU
		{B1DE9724-5C3B-40DE-BA84-BBB4C1681024}.Release|iPhoneSimulator.ActiveCfg = Release|Any CPU
		{B1DE9724-5C3B-40DE-BA84-BBB4C1681024}.Release|iPhoneSimulator.Build.0 = Release|Any CPU
		{B1DE9724-5C3B-40DE-BA84-BBB4C1681024}.Release|iPhoneSimulator.Deploy.0 = Release|Any CPU
		{B1DE9724-5C3B-40DE-BA84-BBB4C1681024}.Release|x64.ActiveCfg = Release|x64
		{B1DE9724-5C3B-40DE-BA84-BBB4C1681024}.Release|x64.Build.0 = Release|x64
		{B1DE9724-5C3B-40DE-BA84-BBB4C1681024}.Release|x64.Deploy.0 = Release|x64
		{B1DE9724-5C3B-40DE-BA84-BBB4C1681024}.Release|x86.ActiveCfg = Release|x86
		{B1DE9724-5C3B-40DE-BA84-BBB4C1681024}.Release|x86.Build.0 = Release|x86
		{B1DE9724-5C3B-40DE-BA84-BBB4C1681024}.Release|x86.Deploy.0 = Release|x86
	EndGlobalSection
	GlobalSection(SolutionProperties) = preSolution
		HideSolutionNode = FALSE
	EndGlobalSection
EndGlobal
